
Microsoft Visual Studio Solution File, Format Version 12.00
# Visual Studio Version 17
VisualStudioVersion = 17.7.34018.315
MinimumVisualStudioVersion = 10.0.40219.1
Project("{FAE04EC0-301F-11D3-BF4B-00C04F79EFBC}") = "Bejelentkezés", "Bejelentkezés\Bejelentkezés.csproj", "{C92C91CF-520F-45F5-B7A2-69C350FCDBBB}"
EndProject
Global
	GlobalSection(SolutionConfigurationPlatforms) = preSolution
		Debug|Any CPU = Debug|Any CPU
		Release|Any CPU = Release|Any CPU
	EndGlobalSection
	GlobalSection(ProjectConfigurationPlatforms) = postSolution
		{C92C91CF-520F-45F5-B7A2-69C350FCDBBB}.Debug|Any CPU.ActiveCfg = Debug|Any CPU
		{C92C91CF-520F-45F5-B7A2-69C350FCDBBB}.Debug|Any CPU.Build.0 = Debug|Any CPU
		{C92C91CF-520F-45F5-B7A2-69C350FCDBBB}.Release|Any CPU.ActiveCfg = Release|Any CPU
		{C92C91CF-520F-45F5-B7A2-69C350FCDBBB}.Release|Any CPU.Build.0 = Release|Any CPU
	EndGlobalSection
	GlobalSection(SolutionProperties) = preSolution
		HideSolutionNode = FALSE
	EndGlobalSection
	GlobalSection(ExtensibilityGlobals) = postSolution
		SolutionGuid = {B7DDA10A-5AD3-43CE-8529-D89369BA7471}
	EndGlobalSection
EndGlobal
